
Microsoft Visual Studio Solution File, Format Version 12.00
# Visual Studio 15
VisualStudioVersion = 15.0.27004.2008
MinimumVisualStudioVersion = 10.0.40219.1
Project("{FAE04EC0-301F-11D3-BF4B-00C04F79EFBC}") = "ex4solution", "ex4solution\ex4solution.csproj", "{3288D260-C828-4721-B310-DB33FEE5C0B0}"
EndProject
Project("{FAE04EC0-301F-11D3-BF4B-00C04F79EFBC}") = "exercise2solution", "exercise2solution\exercise2solution.csproj", "{FCD39431-9BBB-442B-A06A-A30E3F9FFB28}"
EndProject
Project("{FAE04EC0-301F-11D3-BF4B-00C04F79EFBC}") = "exercise3solution", "exercise3solution\exercise3solution.csproj", "{5AFD1CF3-C438-4543-B1E8-0620F8A5CE51}"
EndProject
Global
	GlobalSection(SolutionConfigurationPlatforms) = preSolution
		Debug|Any CPU = Debug|Any CPU
		Release|Any CPU = Release|Any CPU
	EndGlobalSection
	GlobalSection(ProjectConfigurationPlatforms) = postSolution
		{3288D260-C828-4721-B310-DB33FEE5C0B0}.Debug|Any CPU.ActiveCfg = Debug|Any CPU
		{3288D260-C828-4721-B310-DB33FEE5C0B0}.Debug|Any CPU.Build.0 = Debug|Any CPU
		{3288D260-C828-4721-B310-DB33FEE5C0B0}.Release|Any CPU.ActiveCfg = Release|Any CPU
		{3288D260-C828-4721-B310-DB33FEE5C0B0}.Release|Any CPU.Build.0 = Release|Any CPU
		{FCD39431-9BBB-442B-A06A-A30E3F9FFB28}.Debug|Any CPU.ActiveCfg = Debug|Any CPU
		{FCD39431-9BBB-442B-A06A-A30E3F9FFB28}.Debug|Any CPU.Build.0 = Debug|Any CPU
		{FCD39431-9BBB-442B-A06A-A30E3F9FFB28}.Release|Any CPU.ActiveCfg = Release|Any CPU
		{FCD39431-9BBB-442B-A06A-A30E3F9FFB28}.Release|Any CPU.Build.0 = Release|Any CPU
		{5AFD1CF3-C438-4543-B1E8-0620F8A5CE51}.Debug|Any CPU.ActiveCfg = Debug|Any CPU
		{5AFD1CF3-C438-4543-B1E8-0620F8A5CE51}.Debug|Any CPU.Build.0 = Debug|Any CPU
		{5AFD1CF3-C438-4543-B1E8-0620F8A5CE51}.Release|Any CPU.ActiveCfg = Release|Any CPU
		{5AFD1CF3-C438-4543-B1E8-0620F8A5CE51}.Release|Any CPU.Build.0 = Release|Any CPU
	EndGlobalSection
	GlobalSection(SolutionProperties) = preSolution
		HideSolutionNode = FALSE
	EndGlobalSection
	GlobalSection(ExtensibilityGlobals) = postSolution
		SolutionGuid = {11949E05-2912-4C59-AC4F-57E0C4176F66}
	EndGlobalSection
EndGlobal
